
Microsoft Visual Studio Solution File, Format Version 12.00
# Visual Studio Version 17
VisualStudioVersion = 17.8.34316.72
MinimumVisualStudioVersion = 10.0.40219.1
Project("{FAE04EC0-301F-11D3-BF4B-00C04F79EFBC}") = "ITBees.PipedriveIntegration", "ITBees.PipedriveIntegration\ITBees.PipedriveIntegration.csproj", "{DAEFD2A5-ACA5-45FA-B82F-81CA4C69E019}"
EndProject
Global
	GlobalSection(SolutionConfigurationPlatforms) = preSolution
		Debug|Any CPU = Debug|Any CPU
		Release|Any CPU = Release|Any CPU
	EndGlobalSection
	GlobalSection(ProjectConfigurationPlatforms) = postSolution
		{DAEFD2A5-ACA5-45FA-B82F-81CA4C69E019}.Debug|Any CPU.ActiveCfg = Debug|Any CPU
		{DAEFD2A5-ACA5-45FA-B82F-81CA4C69E019}.Debug|Any CPU.Build.0 = Debug|Any CPU
		{DAEFD2A5-ACA5-45FA-B82F-81CA4C69E019}.Release|Any CPU.ActiveCfg = Release|Any CPU
		{DAEFD2A5-ACA5-45FA-B82F-81CA4C69E019}.Release|Any CPU.Build.0 = Release|Any CPU
	EndGlobalSection
	GlobalSection(SolutionProperties) = preSolution
		HideSolutionNode = FALSE
	EndGlobalSection
	GlobalSection(ExtensibilityGlobals) = postSolution
		SolutionGuid = {4D5B652F-9F19-4E4C-9036-F5EF196C0247}
	EndGlobalSection
EndGlobal
